Microsoft Visual Studio Solution File, Format Version 10.00
# Visual Studio 2008
Project("{8BC9CEB8-8B4A-11D0-8D11-00A0C91BC942}") = "cmdline", "cmdline\cmdline.vcproj", "{5E5F5D08-739F-4C8F-A1C2-A371AC688CB9}"
	ProjectSection(ProjectDependencies) = postProject
		{64A152CC-DA88-49BE-9FFE-A9B1562890E6} = {64A152CC-DA88-49BE-9FFE-A9B1562890E6}
	EndProjectSection
EndProject
Project("{8BC9CEB8-8B4A-11D0-8D11-00A0C91BC942}") = "helper", "helper\helper.vcproj", "{64A152CC-DA88-49BE-9FFE-A9B1562890E6}"
EndProject
Global
	GlobalSection(SolutionConfigurationPlatforms) = preSolution
		Debug ANSI|Win32 = Debug ANSI|Win32
		Debug Unicode|Win32 = Debug Unicode|Win32
		Release ANSI|Win32 = Release ANSI|Win32
		Release Unicode|Win32 = Release Unicode|Win32
	EndGlobalSection
	GlobalSection(ProjectConfigurationPlatforms) = postSolution
		{5E5F5D08-739F-4C8F-A1C2-A371AC688CB9}.Debug ANSI|Win32.ActiveCfg = Debug ANSI|Win32
		{5E5F5D08-739F-4C8F-A1C2-A371AC688CB9}.Debug ANSI|Win32.Build.0 = Debug ANSI|Win32
		{5E5F5D08-739F-4C8F-A1C2-A371AC688CB9}.Debug Unicode|Win32.ActiveCfg = Debug Unicode|Win32
		{5E5F5D08-739F-4C8F-A1C2-A371AC688CB9}.Debug Unicode|Win32.Build.0 = Debug Unicode|Win32
		{5E5F5D08-739F-4C8F-A1C2-A371AC688CB9}.Release ANSI|Win32.ActiveCfg = Release ANSI|Win32
		{5E5F5D08-739F-4C8F-A1C2-A371AC688CB9}.Release ANSI|Win32.Build.0 = Release ANSI|Win32
		{5E5F5D08-739F-4C8F-A1C2-A371AC688CB9}.Release Unicode|Win32.ActiveCfg = Release Unicode|Win32
		{5E5F5D08-739F-4C8F-A1C2-A371AC688CB9}.Release Unicode|Win32.Build.0 = Release Unicode|Win32
		{64A152CC-DA88-49BE-9FFE-A9B1562890E6}.Debug ANSI|Win32.ActiveCfg = Debug ANSI|Win32
		{64A152CC-DA88-49BE-9FFE-A9B1562890E6}.Debug ANSI|Win32.Build.0 = Debug ANSI|Win32
		{64A152CC-DA88-49BE-9FFE-A9B1562890E6}.Debug Unicode|Win32.ActiveCfg = Debug Unicode|Win32
		{64A152CC-DA88-49BE-9FFE-A9B1562890E6}.Debug Unicode|Win32.Build.0 = Debug Unicode|Win32
		{64A152CC-DA88-49BE-9FFE-A9B1562890E6}.Release ANSI|Win32.ActiveCfg = Release ANSI|Win32
		{64A152CC-DA88-49BE-9FFE-A9B1562890E6}.Release ANSI|Win32.Build.0 = Release ANSI|Win32
		{64A152CC-DA88-49BE-9FFE-A9B1562890E6}.Release Unicode|Win32.ActiveCfg = Release Unicode|Win32
		{64A152CC-DA88-49BE-9FFE-A9B1562890E6}.Release Unicode|Win32.Build.0 = Release Unicode|Win32
	EndGlobalSection
	GlobalSection(SolutionProperties) = preSolution
		HideSolutionNode = FALSE
	EndGlobalSection
EndGlobal
